
Microsoft Visual Studio Solution File, Format Version 12.00
# Visual Studio Version 17
VisualStudioVersion = 17.0.31903.59
MinimumVisualStudioVersion = 10.0.40219.1
Project("{9A19103F-16F7-4668-BE54-9A1E7A4F7556}") = "GOT", "GOT.csproj", "{9767BA2A-9FE5-4E78-A1B4-8BCCBFC78867}"
EndProject
Project("{FAE04EC0-301F-11D3-BF4B-00C04F79EFBC}") = "GOTTests", "..\GOTTests\GOTTests\GOTTests.csproj", "{EAC3D945-6508-404F-A3AE-B7FE8C601B87}"
EndProject
Global
	GlobalSection(SolutionConfigurationPlatforms) = preSolution
		Debug|Any CPU = Debug|Any CPU
		Release|Any CPU = Release|Any CPU
	EndGlobalSection
	GlobalSection(ProjectConfigurationPlatforms) = postSolution
		{9767BA2A-9FE5-4E78-A1B4-8BCCBFC78867}.Debug|Any CPU.ActiveCfg = Debug|Any CPU
		{9767BA2A-9FE5-4E78-A1B4-8BCCBFC78867}.Debug|Any CPU.Build.0 = Debug|Any CPU
		{9767BA2A-9FE5-4E78-A1B4-8BCCBFC78867}.Release|Any CPU.ActiveCfg = Release|Any CPU
		{9767BA2A-9FE5-4E78-A1B4-8BCCBFC78867}.Release|Any CPU.Build.0 = Release|Any CPU
		{EAC3D945-6508-404F-A3AE-B7FE8C601B87}.Debug|Any CPU.ActiveCfg = Debug|Any CPU
		{EAC3D945-6508-404F-A3AE-B7FE8C601B87}.Debug|Any CPU.Build.0 = Debug|Any CPU
		{EAC3D945-6508-404F-A3AE-B7FE8C601B87}.Release|Any CPU.ActiveCfg = Release|Any CPU
		{EAC3D945-6508-404F-A3AE-B7FE8C601B87}.Release|Any CPU.Build.0 = Release|Any CPU
	EndGlobalSection
	GlobalSection(SolutionProperties) = preSolution
		HideSolutionNode = FALSE
	EndGlobalSection
	GlobalSection(ExtensibilityGlobals) = postSolution
		SolutionGuid = {97F0C3EE-297B-4CDF-8377-0A0878E3D58C}
	EndGlobalSection
EndGlobal
